
Microsoft Visual Studio Solution File, Format Version 12.00
# Visual Studio Version 16
VisualStudioVersion = 16.0.31702.278
MinimumVisualStudioVersion = 10.0.40219.1
Project("{9A19103F-16F7-4668-BE54-9A1E7A4F7556}") = "DocumentGenerator", "DocumentGenerator\DocumentGenerator.csproj", "{A1956D03-BB6B-4CAF-A081-C9D2FEA21887}"
EndProject
Project("{9A19103F-16F7-4668-BE54-9A1E7A4F7556}") = "Classes", "Classes\Classes.csproj", "{C08DEEF1-E432-40EA-BA57-FFC659EBB19F}"
EndProject
Project("{2150E333-8FDC-42A3-9474-1A3956D46DE8}") = "Solution Items", "Solution Items", "{19D62FC4-6D1C-40AA-93AA-D7D635953645}"
	ProjectSection(SolutionItems) = preProject
		.gitignore = .gitignore
		README.md = README.md
	EndProjectSection
EndProject
Global
	GlobalSection(SolutionConfigurationPlatforms) = preSolution
		Debug|Any CPU = Debug|Any CPU
		Release|Any CPU = Release|Any CPU
	EndGlobalSection
	GlobalSection(ProjectConfigurationPlatforms) = postSolution
		{A1956D03-BB6B-4CAF-A081-C9D2FEA21887}.Debug|Any CPU.ActiveCfg = Debug|Any CPU
		{A1956D03-BB6B-4CAF-A081-C9D2FEA21887}.Debug|Any CPU.Build.0 = Debug|Any CPU
		{A1956D03-BB6B-4CAF-A081-C9D2FEA21887}.Release|Any CPU.ActiveCfg = Release|Any CPU
		{A1956D03-BB6B-4CAF-A081-C9D2FEA21887}.Release|Any CPU.Build.0 = Release|Any CPU
		{C08DEEF1-E432-40EA-BA57-FFC659EBB19F}.Debug|Any CPU.ActiveCfg = Debug|Any CPU
		{C08DEEF1-E432-40EA-BA57-FFC659EBB19F}.Debug|Any CPU.Build.0 = Debug|Any CPU
		{C08DEEF1-E432-40EA-BA57-FFC659EBB19F}.Release|Any CPU.ActiveCfg = Release|Any CPU
		{C08DEEF1-E432-40EA-BA57-FFC659EBB19F}.Release|Any CPU.Build.0 = Release|Any CPU
	EndGlobalSection
	GlobalSection(SolutionProperties) = preSolution
		HideSolutionNode = FALSE
	EndGlobalSection
	GlobalSection(ExtensibilityGlobals) = postSolution
		SolutionGuid = {E98F608D-3128-4FF5-B722-403DAB99F710}
	EndGlobalSection
EndGlobal
